
Microsoft Visual Studio Solution File, Format Version 12.00
# Visual Studio Version 17
VisualStudioVersion = 17.8.34330.188
MinimumVisualStudioVersion = 10.0.40219.1
Project("{9A19103F-16F7-4668-BE54-9A1E7A4F7556}") = "WpfEssentials", "WpfEssentials\WpfEssentials.csproj", "{A36E78F6-FEBB-496B-956A-619DF53990C0}"
EndProject
Project("{9A19103F-16F7-4668-BE54-9A1E7A4F7556}") = "WpfEssentialsTests", "WpfEssentialsTests\WpfEssentialsTests.csproj", "{03396FC9-1080-4F39-97B8-7FFDAEE37EAA}"
EndProject
Project("{9A19103F-16F7-4668-BE54-9A1E7A4F7556}") = "WpfWindowHandling", "WpfWindowHandling\WpfWindowHandling.csproj", "{477C75B8-2E8F-4C49-AEE9-4E18D1E05F3C}"
EndProject
Global
	GlobalSection(SolutionConfigurationPlatforms) = preSolution
		Debug|Any CPU = Debug|Any CPU
		Release|Any CPU = Release|Any CPU
	EndGlobalSection
	GlobalSection(ProjectConfigurationPlatforms) = postSolution
		{A36E78F6-FEBB-496B-956A-619DF53990C0}.Debug|Any CPU.ActiveCfg = Debug|Any CPU
		{A36E78F6-FEBB-496B-956A-619DF53990C0}.Debug|Any CPU.Build.0 = Debug|Any CPU
		{A36E78F6-FEBB-496B-956A-619DF53990C0}.Release|Any CPU.ActiveCfg = Release|Any CPU
		{A36E78F6-FEBB-496B-956A-619DF53990C0}.Release|Any CPU.Build.0 = Release|Any CPU
		{03396FC9-1080-4F39-97B8-7FFDAEE37EAA}.Debug|Any CPU.ActiveCfg = Debug|Any CPU
		{03396FC9-1080-4F39-97B8-7FFDAEE37EAA}.Debug|Any CPU.Build.0 = Debug|Any CPU
		{03396FC9-1080-4F39-97B8-7FFDAEE37EAA}.Release|Any CPU.ActiveCfg = Release|Any CPU
		{03396FC9-1080-4F39-97B8-7FFDAEE37EAA}.Release|Any CPU.Build.0 = Release|Any CPU
		{477C75B8-2E8F-4C49-AEE9-4E18D1E05F3C}.Debug|Any CPU.ActiveCfg = Debug|Any CPU
		{477C75B8-2E8F-4C49-AEE9-4E18D1E05F3C}.Debug|Any CPU.Build.0 = Debug|Any CPU
		{477C75B8-2E8F-4C49-AEE9-4E18D1E05F3C}.Release|Any CPU.ActiveCfg = Release|Any CPU
		{477C75B8-2E8F-4C49-AEE9-4E18D1E05F3C}.Release|Any CPU.Build.0 = Release|Any CPU
	EndGlobalSection
	GlobalSection(SolutionProperties) = preSolution
		HideSolutionNode = FALSE
	EndGlobalSection
	GlobalSection(ExtensibilityGlobals) = postSolution
		SolutionGuid = {108ED29C-59C0-4F0E-91B8-08EC673D76AF}
	EndGlobalSection
EndGlobal
